
Microsoft Visual Studio Solution File, Format Version 12.00
# Visual Studio Version 17
VisualStudioVersion = 17.3.32811.315
MinimumVisualStudioVersion = 10.0.40219.1
Project("{FAE04EC0-301F-11D3-BF4B-00C04F79EFBC}") = "kitchenview", "kitchenview.csproj", "{43CDB74A-8ED2-4633-B02B-1A72DAC93160}"
EndProject
Global
	GlobalSection(SolutionConfigurationPlatforms) = preSolution
		Debug|Any CPU = Debug|Any CPU
		Release|Any CPU = Release|Any CPU
	EndGlobalSection
	GlobalSection(ProjectConfigurationPlatforms) = postSolution
		{43CDB74A-8ED2-4633-B02B-1A72DAC93160}.Debug|Any CPU.ActiveCfg = Debug|Any CPU
		{43CDB74A-8ED2-4633-B02B-1A72DAC93160}.Debug|Any CPU.Build.0 = Debug|Any CPU
		{43CDB74A-8ED2-4633-B02B-1A72DAC93160}.Release|Any CPU.ActiveCfg = Release|Any CPU
		{43CDB74A-8ED2-4633-B02B-1A72DAC93160}.Release|Any CPU.Build.0 = Release|Any CPU
	EndGlobalSection
	GlobalSection(SolutionProperties) = preSolution
		HideSolutionNode = FALSE
	EndGlobalSection
	GlobalSection(ExtensibilityGlobals) = postSolution
		SolutionGuid = {57A006C5-B512-4DE2-A7D6-99F1ED6C41B4}
	EndGlobalSection
EndGlobal
